
Microsoft Visual Studio Solution File, Format Version 12.00
Project("{FAE04EC0-301F-11D3-BF4B-00C04F79EFBC}") = "Main", "Main\Main.csproj", "{A317A613-3E52-4E69-94FC-527DBC13C580}"
EndProject
Project("{FAE04EC0-301F-11D3-BF4B-00C04F79EFBC}") = "Database", "Database\Database.csproj", "{65D1FC0C-A0D3-4FC3-B3C3-09A6AABF9815}"
EndProject
Project("{FAE04EC0-301F-11D3-BF4B-00C04F79EFBC}") = "Domain", "Domain\Domain.csproj", "{697B1AFD-094F-4F6C-A405-A19643DE0C74}"
EndProject
Project("{FAE04EC0-301F-11D3-BF4B-00C04F79EFBC}") = "Database.Test", "Database.Test\Database.Test.csproj", "{86B348C6-F97F-4719-A77A-7E28F36DE882}"
EndProject
Project("{FAE04EC0-301F-11D3-BF4B-00C04F79EFBC}") = "AppRegistry", "AppRegistry\AppRegistry.csproj", "{DAAEF88A-D9E0-4AF6-9DEF-720DB587E156}"
EndProject
Project("{FAE04EC0-301F-11D3-BF4B-00C04F79EFBC}") = "AppRegistry.Test", "AppRegistry.Test\AppRegistry.Test.csproj", "{76BDEF4C-4257-4534-A2FE-11E79E010267}"
EndProject
Global
	GlobalSection(SolutionConfigurationPlatforms) = preSolution
		Debug|Any CPU = Debug|Any CPU
		Release|Any CPU = Release|Any CPU
	EndGlobalSection
	GlobalSection(ProjectConfigurationPlatforms) = postSolution
		{A317A613-3E52-4E69-94FC-527DBC13C580}.Debug|Any CPU.ActiveCfg = Debug|Any CPU
		{A317A613-3E52-4E69-94FC-527DBC13C580}.Debug|Any CPU.Build.0 = Debug|Any CPU
		{A317A613-3E52-4E69-94FC-527DBC13C580}.Release|Any CPU.ActiveCfg = Release|Any CPU
		{A317A613-3E52-4E69-94FC-527DBC13C580}.Release|Any CPU.Build.0 = Release|Any CPU
		{65D1FC0C-A0D3-4FC3-B3C3-09A6AABF9815}.Debug|Any CPU.ActiveCfg = Debug|Any CPU
		{65D1FC0C-A0D3-4FC3-B3C3-09A6AABF9815}.Debug|Any CPU.Build.0 = Debug|Any CPU
		{65D1FC0C-A0D3-4FC3-B3C3-09A6AABF9815}.Release|Any CPU.ActiveCfg = Release|Any CPU
		{65D1FC0C-A0D3-4FC3-B3C3-09A6AABF9815}.Release|Any CPU.Build.0 = Release|Any CPU
		{697B1AFD-094F-4F6C-A405-A19643DE0C74}.Debug|Any CPU.ActiveCfg = Debug|Any CPU
		{697B1AFD-094F-4F6C-A405-A19643DE0C74}.Debug|Any CPU.Build.0 = Debug|Any CPU
		{697B1AFD-094F-4F6C-A405-A19643DE0C74}.Release|Any CPU.ActiveCfg = Release|Any CPU
		{697B1AFD-094F-4F6C-A405-A19643DE0C74}.Release|Any CPU.Build.0 = Release|Any CPU
		{86B348C6-F97F-4719-A77A-7E28F36DE882}.Debug|Any CPU.ActiveCfg = Debug|Any CPU
		{86B348C6-F97F-4719-A77A-7E28F36DE882}.Debug|Any CPU.Build.0 = Debug|Any CPU
		{86B348C6-F97F-4719-A77A-7E28F36DE882}.Release|Any CPU.ActiveCfg = Release|Any CPU
		{86B348C6-F97F-4719-A77A-7E28F36DE882}.Release|Any CPU.Build.0 = Release|Any CPU
		{DAAEF88A-D9E0-4AF6-9DEF-720DB587E156}.Debug|Any CPU.ActiveCfg = Debug|Any CPU
		{DAAEF88A-D9E0-4AF6-9DEF-720DB587E156}.Debug|Any CPU.Build.0 = Debug|Any CPU
		{DAAEF88A-D9E0-4AF6-9DEF-720DB587E156}.Release|Any CPU.ActiveCfg = Release|Any CPU
		{DAAEF88A-D9E0-4AF6-9DEF-720DB587E156}.Release|Any CPU.Build.0 = Release|Any CPU
		{76BDEF4C-4257-4534-A2FE-11E79E010267}.Debug|Any CPU.ActiveCfg = Debug|Any CPU
		{76BDEF4C-4257-4534-A2FE-11E79E010267}.Debug|Any CPU.Build.0 = Debug|Any CPU
		{76BDEF4C-4257-4534-A2FE-11E79E010267}.Release|Any CPU.ActiveCfg = Release|Any CPU
		{76BDEF4C-4257-4534-A2FE-11E79E010267}.Release|Any CPU.Build.0 = Release|Any CPU
	EndGlobalSection
EndGlobal
